
Microsoft Visual Studio Solution File, Format Version 12.00
# Visual Studio 15
Project("{FAE04EC0-301F-11D3-BF4B-00C04F79EFBC}") = "imgurplusbot.api", "imgurplusbot\imgurplusbot.api.csproj", "{A56E8DB9-4692-4B76-B17D-2FDD08F5259B}"
EndProject
Project("{FAE04EC0-301F-11D3-BF4B-00C04F79EFBC}") = "imgurplusbot.bll", "imgurplusbot.bll\imgurplusbot.bll.csproj", "{EE9A1780-805A-4C56-A337-4DA35DFC2549}"
EndProject
Project("{FAE04EC0-301F-11D3-BF4B-00C04F79EFBC}") = "imgurplusbot.dal", "imgurplusbot.dal\imgurplusbot.dal.csproj", "{B72D63E5-1A7A-4055-8BBA-5B740B9C9BB2}"
EndProject
Global
	GlobalSection(SolutionConfigurationPlatforms) = preSolution
		Debug|Any CPU = Debug|Any CPU
		Release|Any CPU = Release|Any CPU
	EndGlobalSection
	GlobalSection(ProjectConfigurationPlatforms) = postSolution
		{A56E8DB9-4692-4B76-B17D-2FDD08F5259B}.Debug|Any CPU.ActiveCfg = Debug|Any CPU
		{A56E8DB9-4692-4B76-B17D-2FDD08F5259B}.Debug|Any CPU.Build.0 = Debug|Any CPU
		{A56E8DB9-4692-4B76-B17D-2FDD08F5259B}.Release|Any CPU.ActiveCfg = Release|Any CPU
		{A56E8DB9-4692-4B76-B17D-2FDD08F5259B}.Release|Any CPU.Build.0 = Release|Any CPU
		{EE9A1780-805A-4C56-A337-4DA35DFC2549}.Debug|Any CPU.ActiveCfg = Debug|Any CPU
		{EE9A1780-805A-4C56-A337-4DA35DFC2549}.Debug|Any CPU.Build.0 = Debug|Any CPU
		{EE9A1780-805A-4C56-A337-4DA35DFC2549}.Release|Any CPU.ActiveCfg = Release|Any CPU
		{EE9A1780-805A-4C56-A337-4DA35DFC2549}.Release|Any CPU.Build.0 = Release|Any CPU
		{B72D63E5-1A7A-4055-8BBA-5B740B9C9BB2}.Debug|Any CPU.ActiveCfg = Debug|Any CPU
		{B72D63E5-1A7A-4055-8BBA-5B740B9C9BB2}.Debug|Any CPU.Build.0 = Debug|Any CPU
		{B72D63E5-1A7A-4055-8BBA-5B740B9C9BB2}.Release|Any CPU.ActiveCfg = Release|Any CPU
		{B72D63E5-1A7A-4055-8BBA-5B740B9C9BB2}.Release|Any CPU.Build.0 = Release|Any CPU
	EndGlobalSection
EndGlobal
